
Microsoft Visual Studio Solution File, Format Version 11.00
# Visual Studio 2010
Project("{FAE04EC0-301F-11D3-BF4B-00C04F79EFBC}") = "GP_Final", "Assembly-CSharp.csproj", "{FF5F7ECB-95F2-A965-8354-6E613242E699}"
EndProject
Global
	GlobalSection(SolutionConfigurationPlatforms) = preSolution
		Debug|Any CPU = Debug|Any CPU
		Release|Any CPU = Release|Any CPU
	EndGlobalSection
	GlobalSection(ProjectConfigurationPlatforms) = postSolution
		{FF5F7ECB-95F2-A965-8354-6E613242E699}.Debug|Any CPU.ActiveCfg = Debug|Any CPU
		{FF5F7ECB-95F2-A965-8354-6E613242E699}.Debug|Any CPU.Build.0 = Debug|Any CPU
		{FF5F7ECB-95F2-A965-8354-6E613242E699}.Release|Any CPU.ActiveCfg = Release|Any CPU
		{FF5F7ECB-95F2-A965-8354-6E613242E699}.Release|Any CPU.Build.0 = Release|Any CPU
	EndGlobalSection
	GlobalSection(SolutionProperties) = preSolution
		HideSolutionNode = FALSE
	EndGlobalSection
	GlobalSection(MonoDevelopProperties) = preSolution
		StartupItem = Assembly-CSharp.csproj
	EndGlobalSection
EndGlobal
